
Microsoft Visual Studio Solution File, Format Version 12.00
# Visual Studio Version 16
VisualStudioVersion = 16.0.31019.35
MinimumVisualStudioVersion = 10.0.40219.1
Project("{FAE04EC0-301F-11D3-BF4B-00C04F79EFBC}") = "AzureFunVMStatus", "AzureFunVMStatus\AzureFunVMStatus.csproj", "{3DEB1027-A057-4A25-AAEC-C74ACC950B3B}"
EndProject
Global
	GlobalSection(SolutionConfigurationPlatforms) = preSolution
		Debug|Any CPU = Debug|Any CPU
		Release|Any CPU = Release|Any CPU
	EndGlobalSection
	GlobalSection(ProjectConfigurationPlatforms) = postSolution
		{3DEB1027-A057-4A25-AAEC-C74ACC950B3B}.Debug|Any CPU.ActiveCfg = Debug|Any CPU
		{3DEB1027-A057-4A25-AAEC-C74ACC950B3B}.Debug|Any CPU.Build.0 = Debug|Any CPU
		{3DEB1027-A057-4A25-AAEC-C74ACC950B3B}.Release|Any CPU.ActiveCfg = Release|Any CPU
		{3DEB1027-A057-4A25-AAEC-C74ACC950B3B}.Release|Any CPU.Build.0 = Release|Any CPU
	EndGlobalSection
	GlobalSection(SolutionProperties) = preSolution
		HideSolutionNode = FALSE
	EndGlobalSection
	GlobalSection(ExtensibilityGlobals) = postSolution
		SolutionGuid = {F8E19D08-2579-45B0-898E-A1DCB544C541}
	EndGlobalSection
EndGlobal
